{
  "originHash" : "fe80bf6d8551f85f92ebb1d68eff97d6e8b78921c64b6fd9580c131e1c2a7954",
  "pins" : [
    {
      "identity" : "wwrssparser",
      "kind" : "remoteSourceControl",
      "location" : "https://github.com/William-Weng/WWRssParser",
      "state" : {
        "revision" : "2f8dbf8f5c16bf96240885468fca7beae9ea306b",
        "version" : "1.1.0"
      }
    }
  ],
  "version" : 3
}
