{
  "originHash" : "fe80bf6d8551f85f92ebb1d68eff97d6e8b78921c64b6fd9580c131e1c2a7954",
  "pins" : [
    {
      "identity" : "wwrssparser",
      "kind" : "remoteSourceControl",
      "location" : "https://github.com/William-Weng/WWRssParser",
      "state" : {
        "revision" : "3d9b6e71a649274708713a4c7bccf9cfb570621a",
        "version" : "1.0.1"
      }
    }
  ],
  "version" : 3
}
