{
  "originHash" : "fe80bf6d8551f85f92ebb1d68eff97d6e8b78921c64b6fd9580c131e1c2a7954",
  "pins" : [
    {
      "identity" : "wwrssparser",
      "kind" : "remoteSourceControl",
      "location" : "https://github.com/William-Weng/WWRssParser",
      "state" : {
        "revision" : "58575b5ab80e4692a158bbc99bb4968e8e67bb02",
        "version" : "1.0.0"
      }
    }
  ],
  "version" : 3
}
